{
  "nodes": {
    "nixpkgs": {
      "locked": {
        "lastModified": 0,
        "narHash": "sha256-QI/0GiTvWxhBJ/bpredarfAUARnP6zE1vCOifsZ220A=",
        "path": "/nix/store/cwwddzbz6ix2n4rk1f0azf1b6b3xmdd2-source",
        "type": "path"
      },
      "original": {
        "id": "nixpkgs",
        "type": "indirect"
      }
    },
    "root": {
      "inputs": {
        "nixpkgs": "nixpkgs",
        "unstable": "unstable"
      }
    },
    "unstable": {
      "locked": {
        "lastModified": 1721743106,
        "narHash": "sha256-adRZhFpBTnHiK3XIELA3IBaApz70HwCYfv7xNrHjebA=",
        "owner": "NixOS",
        "repo": "nixpkgs",
        "rev": "dc14ed91132ee3a26255d01d8fd0c1f5bff27b2f",
        "type": "github"
      },
      "original": {
        "id": "nixpkgs",
        "ref": "nixos-unstable",
        "type": "indirect"
      }
    }
  },
  "root": "root",
  "version": 7
}
